# THIS IS AN AUTOGENERATED FILE. DO NOT EDIT THIS FILE DIRECTLY.
# yarn lockfile v1


"@aws-sdk/client-auto-scaling@3.1109.0":
  version "3.1109.0"
  resolved "https://registry.yarnpkg.com/@aws-sdk/client-auto-scaling/-/client-auto-scaling-3.1109.0.tgz#10886c0fe1df64e093b85cb631f05378ee4c3e59"
  integrity sha512-pPpy5a3cdef0XZF+uLg8zuZSda4l75f0OLr8S8xfDJj2oH3gicb39FY6m1hCpL/U7mSPsGJdwiKLqYoSoVqE0w==
  dependencies:
    "@aws-sdk/core" "^3.977.7"
    "@aws-sdk/credential-provider-node" "^3.972.79"
    "@aws-sdk/types" "^3.974.3"
    "@smithy/core" "^3.31.1"
    "@smithy/fetch-http-handler" "^5.6.13"
    "@smithy/node-http-handler" "^4.9.13"
    "@smithy/types" "^4.16.1"
    tslib "^2.6.2"

"@aws-sdk/client-ec2@3.1109.0":
  version "3.1109.0"
  resolved "https://registry.yarnpkg.com/@aws-sdk/client-ec2/-/client-ec2-3.1109.0.tgz#440f3da53af7ca798f6c9df47547bc879fd7798d"
  integrity sha512-fXTIIpTJ+OTa3yYD6jFqSU9isdRzOdJtOzHVb6pnWHajItK8nPxiJzsaXsLhX8YG5FZ/OxGsjy7g5+BsIEeZDw==
  dependencies:
    "@aws-sdk/core" "^3.977.7"
    "@aws-sdk/credential-provider-node" "^3.972.79"
    "@aws-sdk/middleware-sdk-ec2" "^3.972.56"
    "@aws-sdk/types" "^3.974.3"
    "@smithy/core" "^3.31.1"
    "@smithy/fetch-http-handler" "^5.6.13"
    "@smithy/node-http-handler" "^4.9.13"
    "@smithy/types" "^4.16.1"
    tslib "^2.6.2"

"@aws-sdk/client-eks@3.1109.0":
  version "3.1109.0"
  resolved "https://registry.yarnpkg.com/@aws-sdk/client-eks/-/client-eks-3.1109.0.tgz#fbca355ee7a8acfede2a48767097c01fce701e50"
  integrity sha512-3rDgnjJ/2rzYJf2asxQdFdqlhoo1Nwl0gdDdXHs1nYWNm+8T6K7oiobZzkKuDsN0buUDTaaGyiMnys05i4qZ2A==
  dependencies:
    "@aws-sdk/core" "^3.977.7"
    "@aws-sdk/credential-provider-node" "^3.972.79"
    "@aws-sdk/types" "^3.974.3"
    "@smithy/core" "^3.31.1"
    "@smithy/fetch-http-handler" "^5.6.13"
    "@smithy/node-http-handler" "^4.9.13"
    "@smithy/types" "^4.16.1"
    tslib "^2.6.2"

"@aws-sdk/client-rds@3.1109.0":
  version "3.1109.0"
  resolved "https://registry.yarnpkg.com/@aws-sdk/client-rds/-/client-rds-3.1109.0.tgz#29de4c00064d562db65d6dff6aae5ec195706389"
  integrity sha512-Xg3prW+B717zrAGwXqpBDn7TNFzCp7J+rTPACMT7khbu8buIrxcuizHO8IN4evaSd3yGOdRzbNxr9KsxAzziQw==
  dependencies:
    "@aws-sdk/core" "^3.977.7"
    "@aws-sdk/credential-provider-node" "^3.972.79"
    "@aws-sdk/middleware-sdk-rds" "^3.972.56"
    "@aws-sdk/types" "^3.974.3"
    "@smithy/core" "^3.31.1"
    "@smithy/fetch-http-handler" "^5.6.13"
    "@smithy/node-http-handler" "^4.9.13"
    "@smithy/types" "^4.16.1"
    tslib "^2.6.2"

"@aws-sdk/client-savingsplans@3.1109.0":
  version "3.1109.0"
  resolved "https://registry.yarnpkg.com/@aws-sdk/client-savingsplans/-/client-savingsplans-3.1109.0.tgz#1ee487fb50b2481e19330cf7fc2186b6c5834549"
  integrity sha512-OwCl6+dum6seDdfu5k9rzuTPq+a0iEcPSxYDpD5DgGp+PkBsq6jA5TIFLT/MWJgZ8vAZ6YGuuByWw5DiQ1uIMg==
  dependencies:
    "@aws-sdk/core" "^3.977.7"
    "@aws-sdk/credential-provider-node" "^3.972.79"
    "@aws-sdk/types" "^3.974.3"
    "@smithy/core" "^3.31.1"
    "@smithy/fetch-http-handler" "^5.6.13"
    "@smithy/node-http-handler" "^4.9.13"
    "@smithy/types" "^4.16.1"
    tslib "^2.6.2"

"@aws-sdk/core@^3.977.7":
  version "3.977.7"
  resolved "https://registry.yarnpkg.com/@aws-sdk/core/-/core-3.977.7.tgz#6cb9237e44faf3ac9d10556b67645f9867ecde11"
  integrity sha512-I88Iov89NVmjSmJLKSv7Cn9M2J+a2942OkA8nZCbz+sl4ZeY4zEOcoLOrbt1GRfQ8zEQKnjAJdXixA3J/p1fDQ==
  dependencies:
    "@aws-sdk/types" "^3.974.3"
    "@aws-sdk/xml-builder" "^3.972.38"
    "@aws/lambda-invoke-store" "^0.3.0"
    "@smithy/core" "^3.31.1"
    "@smithy/signature-v4" "^5.6.12"
    "@smithy/types" "^4.16.1"
    bowser "^2.11.0"
    tslib "^2.6.2"

"@aws-sdk/credential-provider-env@^3.972.68":
  version "3.972.68"
  resolved "https://registry.yarnpkg.com/@aws-sdk/credential-provider-env/-/credential-provider-env-3.972.68.tgz#af491c1e2b13260cafc4b9d5de9fcca73443ff80"
  integrity sha512-2a20A/IdNOwUvaDq91iqqS7BA0XlNMfW3iLGZGZLJv0EbUqhSxB0PIx4rQQqssvWj1uXImb3/UCCdHz/+1dOiA==
  dependencies:
    "@aws-sdk/core" "^3.977.7"
    "@aws-sdk/types" "^3.974.3"
    "@smithy/core" "^3.31.1"
    "@smithy/types" "^4.16.1"
    tslib "^2.6.2"

"@aws-sdk/credential-provider-http@^3.972.70":
  version "3.972.70"
  resolved "https://registry.yarnpkg.com/@aws-sdk/credential-provider-http/-/credential-provider-http-3.972.70.tgz#14356997f61a905a93c725507d880400524a9221"
  integrity sha512-0yRem2Fs52r/Nn6UAqIlpjexfaYj8ziEozOe9tamtAVT/5bzFLKx8O2r7MaRqgS3hGKHIa1Jij9nKHSsNnb04A==
  dependencies:
    "@aws-sdk/core" "^3.977.7"
    "@aws-sdk/types" "^3.974.3"
    "@smithy/core" "^3.31.1"
    "@smithy/fetch-http-handler" "^5.6.13"
    "@smithy/node-http-handler" "^4.9.13"
    "@smithy/types" "^4.16.1"
    tslib "^2.6.2"

"@aws-sdk/credential-provider-ini@^3.973.13":
  version "3.973.13"
  resolved "https://registry.yarnpkg.com/@aws-sdk/credential-provider-ini/-/credential-provider-ini-3.973.13.tgz#e29a1cba78eae7c7c18147bae88665d778b919c4"
  integrity sha512-2M39DE02XpYYaSWYk/4AsImXYUU/1L2xmTMLUpMMWq7DfLv191/vCRy3baKtdr45AkJQyVgSjmuVOLm15SwrRQ==
  dependencies:
    "@aws-sdk/core" "^3.977.7"
    "@aws-sdk/credential-provider-env" "^3.972.68"
    "@aws-sdk/credential-provider-http" "^3.972.70"
    "@aws-sdk/credential-provider-login" "^3.972.75"
    "@aws-sdk/credential-provider-process" "^3.972.68"
    "@aws-sdk/credential-provider-sso" "^3.973.12"
    "@aws-sdk/credential-provider-web-identity" "^3.972.74"
    "@aws-sdk/nested-clients" "^3.997.42"
    "@aws-sdk/types" "^3.974.3"
    "@smithy/core" "^3.31.1"
    "@smithy/credential-provider-imds" "^4.4.16"
    "@smithy/types" "^4.16.1"
    tslib "^2.6.2"

"@aws-sdk/credential-provider-login@^3.972.75":
  version "3.972.75"
  resolved "https://registry.yarnpkg.com/@aws-sdk/credential-provider-login/-/credential-provider-login-3.972.75.tgz#f472ecc3e23d0b0599c296014016279774ab91d6"
  integrity sha512-jaTESuJlQsoUZ44f/i2puyPt8VlF/dMMJ9HM3cStYtk7eKX4N9UWi83OLixUkoOJH3BwWlPLCq9YIK9nfWhVBg==
  dependencies:
    "@aws-sdk/core" "^3.977.7"
    "@aws-sdk/nested-clients" "^3.997.42"
    "@aws-sdk/types" "^3.974.3"
    "@smithy/core" "^3.31.1"
    "@smithy/types" "^4.16.1"
    tslib "^2.6.2"

"@aws-sdk/credential-provider-node@^3.972.79":
  version "3.972.79"
  resolved "https://registry.yarnpkg.com/@aws-sdk/credential-provider-node/-/credential-provider-node-3.972.79.tgz#aaf898e177e3dec573229b5eaa278d9129adb859"
  integrity sha512-RIw5dof1EHkWubrZzPC941CDtnFG1iAXsxbFgLkhdYZXHc4icU13c/uxSMI0J5eUx9bxa7LjfpdjfClBB1QsDA==
  dependencies:
    "@aws-sdk/credential-provider-env" "^3.972.68"
    "@aws-sdk/credential-provider-http" "^3.972.70"
    "@aws-sdk/credential-provider-ini" "^3.973.13"
    "@aws-sdk/credential-provider-process" "^3.972.68"
    "@aws-sdk/credential-provider-sso" "^3.973.12"
    "@aws-sdk/credential-provider-web-identity" "^3.972.74"
    "@aws-sdk/types" "^3.974.3"
    "@smithy/core" "^3.31.1"
    "@smithy/credential-provider-imds" "^4.4.16"
    "@smithy/types" "^4.16.1"
    tslib "^2.6.2"

"@aws-sdk/credential-provider-process@^3.972.68":
  version "3.972.68"
  resolved "https://registry.yarnpkg.com/@aws-sdk/credential-provider-process/-/credential-provider-process-3.972.68.tgz#aede188c7603f960f2c55f94cfa3d24cd3e80872"
  integrity sha512-nLP3Pda2MQTFJ25hKBMmUuB9Uv+bTZQNlufbeCwklP549Vwnkd8bRLJoCKp5k6xjmdyptrPrOfGOhN0mKuca8A==
  dependencies:
    "@aws-sdk/core" "^3.977.7"
    "@aws-sdk/types" "^3.974.3"
    "@smithy/core" "^3.31.1"
    "@smithy/types" "^4.16.1"
    tslib "^2.6.2"

"@aws-sdk/credential-provider-sso@^3.973.12":
  version "3.973.12"
  resolved "https://registry.yarnpkg.com/@aws-sdk/credential-provider-sso/-/credential-provider-sso-3.973.12.tgz#0293a67ed04c38d7e3a50ff17802ce9ff53ec8a6"
  integrity sha512-EmgyyHn+f9WCcelp3L/vci+LGbX8GigWaVphRArjVo5Pktkr9YnLy/mQ6VDkDyBD72dtfRNTgHmD2ts4rTDXKQ==
  dependencies:
    "@aws-sdk/core" "^3.977.7"
    "@aws-sdk/nested-clients" "^3.997.42"
    "@aws-sdk/token-providers" "3.1108.0"
    "@aws-sdk/types" "^3.974.3"
    "@smithy/core" "^3.31.1"
    "@smithy/types" "^4.16.1"
    tslib "^2.6.2"

"@aws-sdk/credential-provider-web-identity@^3.972.74":
  version "3.972.74"
  resolved "https://registry.yarnpkg.com/@aws-sdk/credential-provider-web-identity/-/credential-provider-web-identity-3.972.74.tgz#ad77e754fc86bfc2272b4447925b8211dfcd6d1b"
  integrity sha512-0YfczxGXF3RjGj8z7QG/Ho2HnLGKDHfPSHiTs47UU1U/+mmwISDN+rvGKt2zh+3FX8NdT4xd95LGBGyhQw2dgQ==
  dependencies:
    "@aws-sdk/core" "^3.977.7"
    "@aws-sdk/nested-clients" "^3.997.42"
    "@aws-sdk/types" "^3.974.3"
    "@smithy/core" "^3.31.1"
    "@smithy/types" "^4.16.1"
    tslib "^2.6.2"

"@aws-sdk/middleware-sdk-ec2@^3.972.56":
  version "3.972.56"
  resolved "https://registry.yarnpkg.com/@aws-sdk/middleware-sdk-ec2/-/middleware-sdk-ec2-3.972.56.tgz#af9f45faa57cf756221b009c7c3afdb9fea0b859"
  integrity sha512-W13WaKOnQE3umgQl+CNrUlPpVwE+QqQv2GiUJ29D9yF+R6y2eXCYJSWNGn5SEpBzCdeCVxvk3Gk2y5JJARr/NQ==
  dependencies:
    "@aws-sdk/core" "^3.977.7"
    "@aws-sdk/types" "^3.974.3"
    "@smithy/core" "^3.31.1"
    "@smithy/signature-v4" "^5.6.12"
    "@smithy/types" "^4.16.1"
    tslib "^2.6.2"

"@aws-sdk/middleware-sdk-rds@^3.972.56":
  version "3.972.56"
  resolved "https://registry.yarnpkg.com/@aws-sdk/middleware-sdk-rds/-/middleware-sdk-rds-3.972.56.tgz#cfb4f1743cf66783e3c5d16ef3edc4ec51520c2b"
  integrity sha512-htJhgaQhh0pU8MuIXLFvzjtuO9NGVUkvb5FegiwhM0+nXN3Esr8MlpcamvJAx0WWmXP5YEZ29j2uqPIpFTuz9A==
  dependencies:
    "@aws-sdk/core" "^3.977.7"
    "@aws-sdk/types" "^3.974.3"
    "@smithy/core" "^3.31.1"
    "@smithy/signature-v4" "^5.6.12"
    "@smithy/types" "^4.16.1"
    tslib "^2.6.2"

"@aws-sdk/nested-clients@^3.997.42":
  version "3.997.42"
  resolved "https://registry.yarnpkg.com/@aws-sdk/nested-clients/-/nested-clients-3.997.42.tgz#6d70b94882a68bb2dafeecd2d2444c5be713a7a2"
  integrity sha512-XWRyon2MTHXD/zMoo0Mbge6Vwf+iE0qQaM/RyGO6NfZ9WukCFiQL27nQVZjYy2JwSIg+iXZxKOX95OBXqlSM4w==
  dependencies:
    "@aws-sdk/core" "^3.977.7"
    "@aws-sdk/signature-v4-multi-region" "^3.996.44"
    "@aws-sdk/types" "^3.974.3"
    "@smithy/core" "^3.31.1"
    "@smithy/fetch-http-handler" "^5.6.13"
    "@smithy/node-http-handler" "^4.9.13"
    "@smithy/types" "^4.16.1"
    tslib "^2.6.2"

"@aws-sdk/signature-v4-multi-region@^3.996.44":
  version "3.996.44"
  resolved "https://registry.yarnpkg.com/@aws-sdk/signature-v4-multi-region/-/signature-v4-multi-region-3.996.44.tgz#ce4be074ca9a5512170c0c5a36432e55454fca9e"
  integrity sha512-ZSfQ35Qn4MhSY+A0Whyr+KBx+wJKZUyBsOrjB2pSHOafRzbFe47T8XcXM8hZqUAC69qnqIy0C9ArxTuud0CC2w==
  dependencies:
    "@aws-sdk/types" "^3.974.3"
    "@smithy/signature-v4" "^5.6.12"
    "@smithy/types" "^4.16.1"
    tslib "^2.6.2"

"@aws-sdk/token-providers@3.1108.0":
  version "3.1108.0"
  resolved "https://registry.yarnpkg.com/@aws-sdk/token-providers/-/token-providers-3.1108.0.tgz#e6efc8b682926f232cba9266aa45034b4b1625db"
  integrity sha512-rI80zxDxGJ6904eC/YbjkdjY6JdaZvQ01kOmrMvw7cFQGIHo27fhnIVbMSVDS4T6foQImjxYSRoOu/uSJscXDw==
  dependencies:
    "@aws-sdk/core" "^3.977.7"
    "@aws-sdk/nested-clients" "^3.997.42"
    "@aws-sdk/types" "^3.974.3"
    "@smithy/core" "^3.31.1"
    "@smithy/types" "^4.16.1"
    tslib "^2.6.2"

"@aws-sdk/types@^3.974.3":
  version "3.974.3"
  resolved "https://registry.yarnpkg.com/@aws-sdk/types/-/types-3.974.3.tgz#87ff34071b778dbc4aa3f73f5a988bd0228e6cb5"
  integrity sha512-ECAqfpNsef+7MO8qtR0h9KcFIBAygaE7Cm6UOiQl+ft+uVap+1G7bNEjs4mdJE2OnA4m6k7i8peH8uGIAsOMGw==
  dependencies:
    "@smithy/types" "^4.16.1"
    tslib "^2.6.2"

"@aws-sdk/xml-builder@^3.972.38":
  version "3.972.38"
  resolved "https://registry.yarnpkg.com/@aws-sdk/xml-builder/-/xml-builder-3.972.38.tgz#a22f85ba0eff7a3a4644376c45f96dcbe40fabf4"
  integrity sha512-grf7mzfVxBS5AlsuTvBN7uDpzqohFww9fRPCO+EBSUdvtsYMcPSKdz54h/7XiscqNcUM1Ae1MF7JLHmiYYuzbQ==
  dependencies:
    "@smithy/types" "^4.16.1"
    tslib "^2.6.2"

"@aws/lambda-invoke-store@^0.3.0":
  version "0.3.0"
  resolved "https://registry.yarnpkg.com/@aws/lambda-invoke-store/-/lambda-invoke-store-0.3.0.tgz#708802d987f8e17bdf4af4de1031660ce1cdd65f"
  integrity sha512-sl4Bm6yiMNYrZKkqqDFWN0UfnWhlS8ivKxrYl+6t0gCLrqr8y3B2IqZZbFRkfaVVp7C/baApyh71P+LeE1A2sQ==

"@cspotcode/source-map-consumer@0.8.0":
  version "0.8.0"
  resolved "https://registry.yarnpkg.com/@cspotcode/source-map-consumer/-/source-map-consumer-0.8.0.tgz#33bf4b7b39c178821606f669bbc447a6a629786b"
  integrity sha512-41qniHzTU8yAGbCp04ohlmSrZf8bkf/iJsl3V0dRGsQN/5GFfx+LbCSsCpp2gqrqjTVg/K6O8ycoV35JIwAzAg==

"@cspotcode/source-map-support@0.7.0":
  version "0.7.0"
  resolved "https://registry.yarnpkg.com/@cspotcode/source-map-support/-/source-map-support-0.7.0.tgz#4789840aa859e46d2f3173727ab707c66bf344f5"
  integrity sha512-X4xqRHqN8ACt2aHVe51OxeA2HjbcL4MqFqXkrmQszJ1NOUuUu5u6Vqx/0lZSVNku7velL5FC/s5uEAj1lsBMhA==
  dependencies:
    "@cspotcode/source-map-consumer" "0.8.0"

"@smithy/core@^3.31.1", "@smithy/core@^3.32.0":
  version "3.32.0"
  resolved "https://registry.yarnpkg.com/@smithy/core/-/core-3.32.0.tgz#5a2dddb8fa7fdbc92faac1a9255a392f27b23afb"
  integrity sha512-NAiCSC78fzbNIEWoheoF74Ob5ZorLijCHpMY26Fqvqg/+9LuyIqMfHDg2p8Yk1rqOyowtiL3y7WX0AW+teL6zw==
  dependencies:
    "@smithy/types" "^4.17.0"
    tslib "^2.6.2"

"@smithy/credential-provider-imds@^4.4.16":
  version "4.5.0"
  resolved "https://registry.yarnpkg.com/@smithy/credential-provider-imds/-/credential-provider-imds-4.5.0.tgz#8ca70d4289a8dae9206b72670ffb31ab5e73d108"
  integrity sha512-2jsPi+7Zv2hSzD9IXR9D7DTqSn7mv4XalzRm+bESh53jiaUS3NKEUbpQFTJP0HhQy9qzZvluxQ3yS24zdRrqsA==
  dependencies:
    "@smithy/core" "^3.32.0"
    "@smithy/types" "^4.17.0"
    tslib "^2.6.2"

"@smithy/fetch-http-handler@^5.6.13":
  version "5.7.0"
  resolved "https://registry.yarnpkg.com/@smithy/fetch-http-handler/-/fetch-http-handler-5.7.0.tgz#d5bfe197b1fe6b20bb2e6ce1e8368349f369f441"
  integrity sha512-W/exA8T0LEzCQtJ02w4IzaEQPIspgarqZprb7W8FwnYiDowgCrjl2fTQ6FvuSSUnJORuepBF81abmBJwqh+0XQ==
  dependencies:
    "@smithy/core" "^3.32.0"
    "@smithy/types" "^4.17.0"
    tslib "^2.6.2"

"@smithy/node-http-handler@^4.9.13":
  version "4.10.0"
  resolved "https://registry.yarnpkg.com/@smithy/node-http-handler/-/node-http-handler-4.10.0.tgz#acd39f86422c50f7094cc03901a08a30fa37d974"
  integrity sha512-nrh7VxqzPQS/ip1hS293aI/OAWDWARQvjUxCfuKhyrfHa2gTdk28066RNeWLI1uuoHXaKAkOF8IcSAHuOp0+SA==
  dependencies:
    "@smithy/core" "^3.32.0"
    "@smithy/types" "^4.17.0"
    tslib "^2.6.2"

"@smithy/signature-v4@^5.6.12":
  version "5.7.0"
  resolved "https://registry.yarnpkg.com/@smithy/signature-v4/-/signature-v4-5.7.0.tgz#611a1da9d9b1e22c9d814563de58536172e1a197"
  integrity sha512-hCynhm22wMJ8wTF9crcwu8mxggtUrSLLJgDcGUvYFBqpofxycYJCGKOMYg4xtPPFtgNiDJSYmhsWLTrcU/g59Q==
  dependencies:
    "@smithy/core" "^3.32.0"
    "@smithy/types" "^4.17.0"
    tslib "^2.6.2"

"@smithy/types@^4.16.1", "@smithy/types@^4.17.0":
  version "4.17.0"
  resolved "https://registry.yarnpkg.com/@smithy/types/-/types-4.17.0.tgz#038b1522f69201ae6b616697b16074ac50989b7f"
  integrity sha512-Aw4joiM0ZdErpo39lCj8phT2lxoiKZV+KZzBxnnQhWVtU2Is/WffQSL04uUWRcXUse9Ln8vXZK6V/FwqRVnQpg==
  dependencies:
    tslib "^2.6.2"

"@tsconfig/node10@^1.0.7":
  version "1.0.8"
  resolved "https://registry.yarnpkg.com/@tsconfig/node10/-/node10-1.0.8.tgz#c1e4e80d6f964fbecb3359c43bd48b40f7cadad9"
  integrity sha512-6XFfSQmMgq0CFLY1MslA/CPUfhIL919M1rMsa5lP2P097N2Wd1sSX0tx1u4olM16fLNhtHZpRhedZJphNJqmZg==

"@tsconfig/node12@^1.0.7":
  version "1.0.9"
  resolved "https://registry.yarnpkg.com/@tsconfig/node12/-/node12-1.0.9.tgz#62c1f6dee2ebd9aead80dc3afa56810e58e1a04c"
  integrity sha512-/yBMcem+fbvhSREH+s14YJi18sp7J9jpuhYByADT2rypfajMZZN4WQ6zBGgBKp53NKmqI36wFYDb3yaMPurITw==

"@tsconfig/node14@^1.0.0":
  version "1.0.1"
  resolved "https://registry.yarnpkg.com/@tsconfig/node14/-/node14-1.0.1.tgz#95f2d167ffb9b8d2068b0b235302fafd4df711f2"
  integrity sha512-509r2+yARFfHHE7T6Puu2jjkoycftovhXRqW328PDXTVGKihlb1P8Z9mMZH04ebyajfRY7dedfGynlrFHJUQCg==

"@tsconfig/node16@^1.0.2":
  version "1.0.2"
  resolved "https://registry.yarnpkg.com/@tsconfig/node16/-/node16-1.0.2.tgz#423c77877d0569db20e1fc80885ac4118314010e"
  integrity sha512-eZxlbI8GZscaGS7kkc/trHTT5xgrjH3/1n2JDwusC9iahPKWMRvRjJSAN5mCXviuTGQ/lHnhvv8Q1YTpnfz9gA==

"@types/node@17.0.4":
  version "17.0.4"
  resolved "https://registry.yarnpkg.com/@types/node/-/node-17.0.4.tgz#fec0ce0526abb6062fd206d72a642811b887a111"
  integrity sha512-6xwbrW4JJiJLgF+zNypN5wr2ykM9/jHcL7rQ8fZe2vuftggjzZeRSM4OwRc6Xk8qWjwJ99qVHo/JgOGmomWRog==

acorn-walk@^8.1.1:
  version "8.2.0"
  resolved "https://registry.yarnpkg.com/acorn-walk/-/acorn-walk-8.2.0.tgz#741210f2e2426454508853a2f44d0ab83b7f69c1"
  integrity sha512-k+iyHEuPgSw6SbuDpGQM+06HQUa04DZ3o+F6CSzXMvvI5KMvnaEqXe+YVe555R9nn6GPt404fos4wcgpw12SDA==

acorn@^8.4.1:
  version "8.6.0"
  resolved "https://registry.yarnpkg.com/acorn/-/acorn-8.6.0.tgz#e3692ba0eb1a0c83eaa4f37f5fa7368dd7142895"
  integrity sha512-U1riIR+lBSNi3IbxtaHOIKdH8sLFv3NYfNv8sg7ZsNhcfl4HF2++BfqqrNAxoCLQW1iiylOj76ecnaUxz+z9yw==

arg@^4.1.0:
  version "4.1.3"
  resolved "https://registry.yarnpkg.com/arg/-/arg-4.1.3.tgz#269fc7ad5b8e42cb63c896d5666017261c144089"
  integrity sha512-58S9QDqG0Xx27YwPSt9fJxivjYl432YCwfDMfZ+71RAqUrZef7LrKQZ3LHLOwCS4FLNBplP533Zx895SeOCHvA==

bowser@^2.11.0:
  version "2.11.0"
  resolved "https://registry.yarnpkg.com/bowser/-/bowser-2.11.0.tgz#5ca3c35757a7aa5771500c70a73a9f91ef420a8f"
  integrity sha512-AlcaJBi/pqqJBIQ8U9Mcpc9i8Aqxn88Skv5d+xBX006BY5u8N3mGLHa5Lgppa7L/HfwgwLgZ6NYs+Ag6uUmJRA==

create-require@^1.1.0:
  version "1.1.1"
  resolved "https://registry.yarnpkg.com/create-require/-/create-require-1.1.1.tgz#c1d7e8f1e5f6cfc9ff65f9cd352d37348756c333"
  integrity sha512-dcKFX3jn0MpIaXjisoRvexIJVEKzaq7z2rZKxf+MSr9TkdmHmsU4m2lcLojrj/FHl8mk5VxMmYA+ftRkP/3oKQ==

diff@^4.0.1:
  version "4.0.2"
  resolved "https://registry.yarnpkg.com/diff/-/diff-4.0.2.tgz#60f3aecb89d5fae520c11aa19efc2bb982aade7d"
  integrity sha512-58lmxKSA4BNyLz+HHMUzlOEpg09FV+ev6ZMe3vJihgdxzgcwZ8VoEEPmALCZG9LmqfVoNMMKpttIYTVG6uDY7A==

make-error@^1.1.1:
  version "1.3.6"
  resolved "https://registry.yarnpkg.com/make-error/-/make-error-1.3.6.tgz#2eb2e37ea9b67c4891f684a1394799af484cf7a2"
  integrity sha512-s8UhlNe7vPKomQhC1qFelMokr/Sc3AgNbso3n74mVPA5LTZwkB9NlXf4XPamLxJE8h0gh73rM94xvwRT2CVInw==

prettier@3.0.0:
  version "3.0.0"
  resolved "https://registry.yarnpkg.com/prettier/-/prettier-3.0.0.tgz#e7b19f691245a21d618c68bc54dc06122f6105ae"
  integrity sha512-zBf5eHpwHOGPC47h0zrPyNn+eAEIdEzfywMoYn2XPi0P44Zp0tSq64rq0xAREh4auw2cJZHo9QUob+NqCQky4g==

ts-node@10.4.0:
  version "10.4.0"
  resolved "https://registry.yarnpkg.com/ts-node/-/ts-node-10.4.0.tgz#680f88945885f4e6cf450e7f0d6223dd404895f7"
  integrity sha512-g0FlPvvCXSIO1JDF6S232P5jPYqBkRL9qly81ZgAOSU7rwI0stphCgd2kLiCrU9DjQCrJMWEqcNSjQL02s6d8A==
  dependencies:
    "@cspotcode/source-map-support" "0.7.0"
    "@tsconfig/node10" "^1.0.7"
    "@tsconfig/node12" "^1.0.7"
    "@tsconfig/node14" "^1.0.0"
    "@tsconfig/node16" "^1.0.2"
    acorn "^8.4.1"
    acorn-walk "^8.1.1"
    arg "^4.1.0"
    create-require "^1.1.0"
    diff "^4.0.1"
    make-error "^1.1.1"
    yn "3.1.1"

tslib@^2.6.2:
  version "2.8.1"
  resolved "https://registry.yarnpkg.com/tslib/-/tslib-2.8.1.tgz#612efe4ed235d567e8aba5f2a5fab70280ade83f"
  integrity sha512-oJFu94HQb+KVduSUQL7wnpmqnfmLsOA/nAh6b6EH0wCEoK0/mPeXU6c3wKDV83MkOuHPRHtSXKKU99IBazS/2w==

typescript@4.5.4:
  version "4.5.4"
  resolved "https://registry.yarnpkg.com/typescript/-/typescript-4.5.4.tgz#a17d3a0263bf5c8723b9c52f43c5084edf13c2e8"
  integrity sha512-VgYs2A2QIRuGphtzFV7aQJduJ2gyfTljngLzjpfW9FoYZF6xuw1W0vW9ghCKLfcWrCFxK81CSGRAvS1pn4fIUg==

yn@3.1.1:
  version "3.1.1"
  resolved "https://registry.yarnpkg.com/yn/-/yn-3.1.1.tgz#1e87401a09d767c1d5eab26a6e4c185182d2eb50"
  integrity sha512-Ux4ygGWsu2c7isFWe8Yu1YluJmqVhxqK2cLXNQA5AcC3QfbGNpM7fu0Y8b/z16pXLnFxZYvWhd3fhBY9DLmC6Q==
